{
	"name": "@geut/chast",
	"version": "2.0.0-beta.2",
	"lockfileVersion": 1,
	"requires": true,
	"dependencies": {
		"object-assign": {
			"version": "4.1.1",
			"resolved": "https://registry.npmjs.org/object-assign/-/object-assign-4.1.1.tgz",
			"integrity": "sha1-IQmtx5ZYh8/AXLvUQsrIv7s2CGM="
		},
		"semver": {
			"version": "5.6.0",
			"resolved": "https://registry.npmjs.org/semver/-/semver-5.6.0.tgz",
			"integrity": "sha512-RS9R6R35NYgQn++fkDWaOmqGoj4Ek9gGs+DPxNUZKuwE183xjJroKvyo1IzVFeXvUrvmALy6FWD5xrdJT25gMg=="
		},
		"unist-builder": {
			"version": "1.0.3",
			"resolved": "https://registry.npmjs.org/unist-builder/-/unist-builder-1.0.3.tgz",
			"integrity": "sha512-/KB8GEaoeHRyIqClL+Kam+Y5NWJ6yEiPsAfv1M+O1p+aKGgjR89WwoEHKTyOj17L6kAlqtKpAgv2nWvdbQDEig==",
			"requires": {
				"object-assign": "^4.1.0"
			}
		}
	}
}
